// !$*UTF8*$!
{
	archiveVersion = 1;
	classes = {
	};
	objectVersion = 50;
	objects = {

/* Begin PBXBuildFile section */
		EA41C5E72786CE65001E8C53 /* BLPPlayerStateTests.m in Sources */ = {isa = PBXBuildFile; fileRef = EA41C5E62786CE65001E8C53 /* BLPPlayerStateTests.m */; };
		EA41C5EB278B7D44001E8C53 /* BLPModelSongsTests.m in Sources */ = {isa = PBXBuildFile; fileRef = EA41C5EA278B7D44001E8C53 /* BLPModelSongsTests.m */; };
		EA4504A3278529860054516E /* BLPPlayer.m in Sources */ = {isa = PBXBuildFile; fileRef = EA4504A2278529860054516E /* BLPPlayer.m */; };
		EA4504A4278529860054516E /* BLPPlayer.m in Sources */ = {isa = PBXBuildFile; fileRef = EA4504A2278529860054516E /* BLPPlayer.m */; };
		EAA1051C26ED8A4B0052CF24 /* BLPModelTimeRangeTests.m in Sources */ = {isa = PBXBuildFile; fileRef = EAA1051B26ED8A4B0052CF24 /* BLPModelTimeRangeTests.m */; };
		EAA1051D26ED8ADE0052CF24 /* BLPBeatModel.m in Sources */ = {isa = PBXBuildFile; fileRef = EACEEF93261E2F5C00B4ECA8 /* BLPBeatModel.m */; };
		EAA1051E26EDB2CB0052CF24 /* BeatModel.xcdatamodeld in Sources */ = {isa = PBXBuildFile; fileRef = EAC4ED2A261969A0006C9E87 /* BeatModel.xcdatamodeld */; };
		EAA3FA4F264B06AB008FFF92 /* AVFoundation.framework in Frameworks */ = {isa = PBXBuildFile; fileRef = EA34221E263DDD4A0046EB1B /* AVFoundation.framework */; };
		EAB5ECA42644A89300C4D535 /* PlayerViewController.m in Sources */ = {isa = PBXBuildFile; fileRef = EAB5ECA32644A89300C4D535 /* PlayerViewController.m */; };
		EAB772C2277BD27400696CB3 /* forgetMe.mp3 in Resources */ = {isa = PBXBuildFile; fileRef = EAB772C1277BD27400696CB3 /* forgetMe.mp3 */; };
		EAC4ECDC26176072006C9E87 /* AppDelegate.m in Sources */ = {isa = PBXBuildFile; fileRef = EAC4ECDB26176072006C9E87 /* AppDelegate.m */; };
		EAC4ECDF26176072006C9E87 /* SceneDelegate.m in Sources */ = {isa = PBXBuildFile; fileRef = EAC4ECDE26176072006C9E87 /* SceneDelegate.m */; };
		EAC4ECE226176072006C9E87 /* HomeViewController.m in Sources */ = {isa = PBXBuildFile; fileRef = EAC4ECE126176072006C9E87 /* HomeViewController.m */; };
		EAC4ECE526176072006C9E87 /* Main.storyboard in Resources */ = {isa = PBXBuildFile; fileRef = EAC4ECE326176072006C9E87 /* Main.storyboard */; };
		EAC4ECE726176072006C9E87 /* Assets.xcassets in Resources */ = {isa = PBXBuildFile; fileRef = EAC4ECE626176072006C9E87 /* Assets.xcassets */; };
		EAC4ECEA26176072006C9E87 /* LaunchScreen.storyboard in Resources */ = {isa = PBXBuildFile; fileRef = EAC4ECE826176072006C9E87 /* LaunchScreen.storyboard */; };
		EAC4ECED26176072006C9E87 /* main.m in Sources */ = {isa = PBXBuildFile; fileRef = EAC4ECEC26176072006C9E87 /* main.m */; };
		EAC4ECF726176072006C9E87 /* BeatLooperTests.m in Sources */ = {isa = PBXBuildFile; fileRef = EAC4ECF626176072006C9E87 /* BeatLooperTests.m */; };
		EAC4ED0226176072006C9E87 /* BeatLooperUITests.m in Sources */ = {isa = PBXBuildFile; fileRef = EAC4ED0126176072006C9E87 /* BeatLooperUITests.m */; };
		EAC4ED1A26176730006C9E87 /* dunevibes.mp3 in Resources */ = {isa = PBXBuildFile; fileRef = EAC4ED1926176730006C9E87 /* dunevibes.mp3 */; };
		EAC4ED2C261969A0006C9E87 /* BeatModel.xcdatamodeld in Sources */ = {isa = PBXBuildFile; fileRef = EAC4ED2A261969A0006C9E87 /* BeatModel.xcdatamodeld */; };
		EAC4ED47261978AE006C9E87 /* BLPCoordinator.m in Sources */ = {isa = PBXBuildFile; fileRef = EAC4ED46261978AE006C9E87 /* BLPCoordinator.m */; };
		EACEEF94261E2F5C00B4ECA8 /* BLPBeatModel.m in Sources */ = {isa = PBXBuildFile; fileRef = EACEEF93261E2F5C00B4ECA8 /* BLPBeatModel.m */; };
		EADF783C278D5A6900D796A8 /* dunevibes.mp3 in Resources */ = {isa = PBXBuildFile; fileRef = EAC4ED1926176730006C9E87 /* dunevibes.mp3 */; };
		EADF783E278E5B3A00D796A8 /* life's good (ft. double trouble).mp3 in Resources */ = {isa = PBXBuildFile; fileRef = EADF783D278E5B3A00D796A8 /* life's good (ft. double trouble).mp3 */; };
		EADF783F278E5B3A00D796A8 /* life's good (ft. double trouble).mp3 in Resources */ = {isa = PBXBuildFile; fileRef = EADF783D278E5B3A00D796A8 /* life's good (ft. double trouble).mp3 */; };
		EAFE250E277E59040054E069 /* swish.wav in Resources */ = {isa = PBXBuildFile; fileRef = EAFE250D277E59040054E069 /* swish.wav */; };
		EAFE2510277EA7A20054E069 /* LooperViewController.m in Sources */ = {isa = PBXBuildFile; fileRef = EAFE250F277EA7A20054E069 /* LooperViewController.m */; };
		EAFE2515277FE8C30054E069 /* rise.mp3 in Resources */ = {isa = PBXBuildFile; fileRef = EAFE2512277FE8C30054E069 /* rise.mp3 */; };
		EAFE2516277FE8C30054E069 /* swag.mp3 in Resources */ = {isa = PBXBuildFile; fileRef = EAFE2513277FE8C30054E069 /* swag.mp3 */; };
		EAFE2517277FE8C30054E069 /* '84.mp3 in Resources */ = {isa = PBXBuildFile; fileRef = EAFE2514277FE8C30054E069 /* '84.mp3 */; };
/* End PBXBuildFile section */

/* Begin PBXContainerItemProxy section */
		EAC4ECF326176072006C9E87 /* PBXContainerItemProxy */ = {
			isa = PBXContainerItemProxy;
			containerPortal = EAC4ECCF26176072006C9E87 /* Project object */;
			proxyType = 1;
			remoteGlobalIDString = EAC4ECD626176072006C9E87;
			remoteInfo = BeatLooper;
		};
		EAC4ECFE26176072006C9E87 /* PBXContainerItemProxy */ = {
			isa = PBXContainerItemProxy;
			containerPortal = EAC4ECCF26176072006C9E87 /* Project object */;
			proxyType = 1;
			remoteGlobalIDString = EAC4ECD626176072006C9E87;
			remoteInfo = BeatLooper;
		};
/* End PBXContainerItemProxy section */

/* Begin PBXFileReference section */
		EA34221E263DDD4A0046EB1B /* AVFoundation.framework */ = {isa = PBXFileReference; lastKnownFileType = wrapper.framework; name = AVFoundation.framework; path = System/Library/Frameworks/AVFoundation.framework; sourceTree = SDKROOT; };
		EA41C5E62786CE65001E8C53 /* BLPPlayerStateTests.m */ = {isa = PBXFileReference; lastKnownFileType = sourcecode.c.objc; path = BLPPlayerStateTests.m; sourceTree = "<group>"; };
		EA41C5EA278B7D44001E8C53 /* BLPModelSongsTests.m */ = {isa = PBXFileReference; lastKnownFileType = sourcecode.c.objc; path = BLPModelSongsTests.m; sourceTree = "<group>"; };
		EA4504A1278529860054516E /* BLPPlayer.h */ = {isa = PBXFileReference; lastKnownFileType = sourcecode.c.h; path = BLPPlayer.h; sourceTree = "<group>"; };
		EA4504A2278529860054516E /* BLPPlayer.m */ = {isa = PBXFileReference; lastKnownFileType = sourcecode.c.objc; path = BLPPlayer.m; sourceTree = "<group>"; };
		EAA1051B26ED8A4B0052CF24 /* BLPModelTimeRangeTests.m */ = {isa = PBXFileReference; lastKnownFileType = sourcecode.c.objc; path = BLPModelTimeRangeTests.m; sourceTree = "<group>"; };
		EAB5ECA22644A89300C4D535 /* PlayerViewController.h */ = {isa = PBXFileReference; lastKnownFileType = sourcecode.c.h; path = PlayerViewController.h; sourceTree = "<group>"; };
		EAB5ECA32644A89300C4D535 /* PlayerViewController.m */ = {isa = PBXFileReference; lastKnownFileType = sourcecode.c.objc; path = PlayerViewController.m; sourceTree = "<group>"; };
		EAB772C1277BD27400696CB3 /* forgetMe.mp3 */ = {isa = PBXFileReference; lastKnownFileType = audio.mp3; name = forgetMe.mp3; path = ../../../../../Downloads/forgetMe.mp3; sourceTree = "<group>"; };
		EAC4ECD726176072006C9E87 /* BeatLooper.app */ = {isa = PBXFileReference; explicitFileType = wrapper.application; includeInIndex = 0; path = BeatLooper.app; sourceTree = BUILT_PRODUCTS_DIR; };
		EAC4ECDA26176072006C9E87 /* AppDelegate.h */ = {isa = PBXFileReference; lastKnownFileType = sourcecode.c.h; path = AppDelegate.h; sourceTree = "<group>"; };
		EAC4ECDB26176072006C9E87 /* AppDelegate.m */ = {isa = PBXFileReference; lastKnownFileType = sourcecode.c.objc; path = AppDelegate.m; sourceTree = "<group>"; };
		EAC4ECDD26176072006C9E87 /* SceneDelegate.h */ = {isa = PBXFileReference; lastKnownFileType = sourcecode.c.h; path = SceneDelegate.h; sourceTree = "<group>"; };
		EAC4ECDE26176072006C9E87 /* SceneDelegate.m */ = {isa = PBXFileReference; lastKnownFileType = sourcecode.c.objc; path = SceneDelegate.m; sourceTree = "<group>"; };
		EAC4ECE026176072006C9E87 /* HomeViewController.h */ = {isa = PBXFileReference; lastKnownFileType = sourcecode.c.h; path = HomeViewController.h; sourceTree = "<group>"; };
		EAC4ECE126176072006C9E87 /* HomeViewController.m */ = {isa = PBXFileReference; lastKnownFileType = sourcecode.c.objc; path = HomeViewController.m; sourceTree = "<group>"; };
		EAC4ECE426176072006C9E87 /* Base */ = {isa = PBXFileReference; lastKnownFileType = file.storyboard; name = Base; path = Base.lproj/Main.storyboard; sourceTree = "<group>"; };
		EAC4ECE626176072006C9E87 /* Assets.xcassets */ = {isa = PBXFileReference; lastKnownFileType = folder.assetcatalog; path = Assets.xcassets; sourceTree = "<group>"; };
		EAC4ECE926176072006C9E87 /* Base */ = {isa = PBXFileReference; lastKnownFileType = file.storyboard; name = Base; path = Base.lproj/LaunchScreen.storyboard; sourceTree = "<group>"; };
		EAC4ECEB26176072006C9E87 /* Info.plist */ = {isa = PBXFileReference; lastKnownFileType = text.plist.xml; path = Info.plist; sourceTree = "<group>"; };
		EAC4ECEC26176072006C9E87 /* main.m */ = {isa = PBXFileReference; lastKnownFileType = sourcecode.c.objc; path = main.m; sourceTree = "<group>"; };
		EAC4ECF226176072006C9E87 /* BeatLooperTests.xctest */ = {isa = PBXFileReference; explicitFileType = wrapper.cfbundle; includeInIndex = 0; path = BeatLooperTests.xctest; sourceTree = BUILT_PRODUCTS_DIR; };
		EAC4ECF626176072006C9E87 /* BeatLooperTests.m */ = {isa = PBXFileReference; lastKnownFileType = sourcecode.c.objc; path = BeatLooperTests.m; sourceTree = "<group>"; };
		EAC4ECF826176072006C9E87 /* Info.plist */ = {isa = PBXFileReference; lastKnownFileType = text.plist.xml; path = Info.plist; sourceTree = "<group>"; };
		EAC4ECFD26176072006C9E87 /* BeatLooperUITests.xctest */ = {isa = PBXFileReference; explicitFileType = wrapper.cfbundle; includeInIndex = 0; path = BeatLooperUITests.xctest; sourceTree = BUILT_PRODUCTS_DIR; };
		EAC4ED0126176072006C9E87 /* BeatLooperUITests.m */ = {isa = PBXFileReference; lastKnownFileType = sourcecode.c.objc; path = BeatLooperUITests.m; sourceTree = "<group>"; };
		EAC4ED0326176072006C9E87 /* Info.plist */ = {isa = PBXFileReference; lastKnownFileType = text.plist.xml; path = Info.plist; sourceTree = "<group>"; };
		EAC4ED1926176730006C9E87 /* dunevibes.mp3 */ = {isa = PBXFileReference; lastKnownFileType = audio.mp3; path = dunevibes.mp3; sourceTree = "<group>"; };
		EAC4ED2B261969A0006C9E87 /* BeatModel.xcdatamodel */ = {isa = PBXFileReference; lastKnownFileType = wrapper.xcdatamodel; path = BeatModel.xcdatamodel; sourceTree = "<group>"; };
		EAC4ED45261978AE006C9E87 /* BLPCoordinator.h */ = {isa = PBXFileReference; lastKnownFileType = sourcecode.c.h; path = BLPCoordinator.h; sourceTree = "<group>"; };
		EAC4ED46261978AE006C9E87 /* BLPCoordinator.m */ = {isa = PBXFileReference; lastKnownFileType = sourcecode.c.objc; path = BLPCoordinator.m; sourceTree = "<group>"; };
		EACEEF92261E2F5C00B4ECA8 /* BLPBeatModel.h */ = {isa = PBXFileReference; lastKnownFileType = sourcecode.c.h; path = BLPBeatModel.h; sourceTree = "<group>"; };
		EACEEF93261E2F5C00B4ECA8 /* BLPBeatModel.m */ = {isa = PBXFileReference; lastKnownFileType = sourcecode.c.objc; path = BLPBeatModel.m; sourceTree = "<group>"; };
		EADF783D278E5B3A00D796A8 /* life's good (ft. double trouble).mp3 */ = {isa = PBXFileReference; lastKnownFileType = audio.mp3; path = "life's good (ft. double trouble).mp3"; sourceTree = "<group>"; };
		EAFE250D277E59040054E069 /* swish.wav */ = {isa = PBXFileReference; lastKnownFileType = audio.wav; name = swish.wav; path = ../../../../../Downloads/swish.wav; sourceTree = "<group>"; };
		EAFE250F277EA7A20054E069 /* LooperViewController.m */ = {isa = PBXFileReference; lastKnownFileType = sourcecode.c.objc; path = LooperViewController.m; sourceTree = "<group>"; };
		EAFE2511277EA7B30054E069 /* LooperViewController.h */ = {isa = PBXFileReference; lastKnownFileType = sourcecode.c.h; path = LooperViewController.h; sourceTree = "<group>"; };
		EAFE2512277FE8C30054E069 /* rise.mp3 */ = {isa = PBXFileReference; lastKnownFileType = audio.mp3; name = rise.mp3; path = ../../../../../Downloads/rise.mp3; sourceTree = "<group>"; };
		EAFE2513277FE8C30054E069 /* swag.mp3 */ = {isa = PBXFileReference; lastKnownFileType = audio.mp3; name = swag.mp3; path = ../../../../../Downloads/swag.mp3; sourceTree = "<group>"; };
		EAFE2514277FE8C30054E069 /* '84.mp3 */ = {isa = PBXFileReference; lastKnownFileType = audio.mp3; name = "'84.mp3"; path = "../../../../../Downloads/'84.mp3"; sourceTree = "<group>"; };
/* End PBXFileReference section */

/* Begin PBXFrameworksBuildPhase section */
		EAC4ECD426176072006C9E87 /* Frameworks */ = {
			isa = PBXFrameworksBuildPhase;
			buildActionMask = 2147483647;
			files = (
				EAA3FA4F264B06AB008FFF92 /* AVFoundation.framework in Frameworks */,
			);
			runOnlyForDeploymentPostprocessing = 0;
		};
		EAC4ECEF26176072006C9E87 /* Frameworks */ = {
			isa = PBXFrameworksBuildPhase;
			buildActionMask = 2147483647;
			files = (
			);
			runOnlyForDeploymentPostprocessing = 0;
		};
		EAC4ECFA26176072006C9E87 /* Frameworks */ = {
			isa = PBXFrameworksBuildPhase;
			buildActionMask = 2147483647;
			files = (
			);
			runOnlyForDeploymentPostprocessing = 0;
		};
/* End PBXFrameworksBuildPhase section */

/* Begin PBXGroup section */
		EA34221D263DDD4A0046EB1B /* Frameworks */ = {
			isa = PBXGroup;
			children = (
				EA34221E263DDD4A0046EB1B /* AVFoundation.framework */,
			);
			name = Frameworks;
			sourceTree = "<group>";
		};
		EA93D90E26A92AC700B5F4F3 /* Supporting Files */ = {
			isa = PBXGroup;
			children = (
				EAC4ED1926176730006C9E87 /* dunevibes.mp3 */,
				EAB772C1277BD27400696CB3 /* forgetMe.mp3 */,
				EAFE250D277E59040054E069 /* swish.wav */,
				EADF783D278E5B3A00D796A8 /* life's good (ft. double trouble).mp3 */,
				EAFE2514277FE8C30054E069 /* '84.mp3 */,
				EAFE2512277FE8C30054E069 /* rise.mp3 */,
				EAFE2513277FE8C30054E069 /* swag.mp3 */,
				EAC4ECEC26176072006C9E87 /* main.m */,
				EAC4ED2A261969A0006C9E87 /* BeatModel.xcdatamodeld */,
			);
			path = "Supporting Files";
			sourceTree = "<group>";
		};
		EA93D90F26A92B1A00B5F4F3 /* View Controllers */ = {
			isa = PBXGroup;
			children = (
				EAC4ECE026176072006C9E87 /* HomeViewController.h */,
				EAC4ECE126176072006C9E87 /* HomeViewController.m */,
				EAB5ECA22644A89300C4D535 /* PlayerViewController.h */,
				EAB5ECA32644A89300C4D535 /* PlayerViewController.m */,
				EAFE2511277EA7B30054E069 /* LooperViewController.h */,
				EAFE250F277EA7A20054E069 /* LooperViewController.m */,
			);
			path = "View Controllers";
			sourceTree = "<group>";
		};
		EA93D91026A92B5900B5F4F3 /* Models */ = {
			isa = PBXGroup;
			children = (
				EACEEF92261E2F5C00B4ECA8 /* BLPBeatModel.h */,
				EACEEF93261E2F5C00B4ECA8 /* BLPBeatModel.m */,
				EA4504A1278529860054516E /* BLPPlayer.h */,
				EA4504A2278529860054516E /* BLPPlayer.m */,
			);
			path = Models;
			sourceTree = "<group>";
		};
		EAA1051F26F064A50052CF24 /* ModelTests */ = {
			isa = PBXGroup;
			children = (
				EAA1051B26ED8A4B0052CF24 /* BLPModelTimeRangeTests.m */,
				EA41C5EA278B7D44001E8C53 /* BLPModelSongsTests.m */,
				EA41C5E62786CE65001E8C53 /* BLPPlayerStateTests.m */,
			);
			path = ModelTests;
			sourceTree = "<group>";
		};
		EAC4ECCE26176072006C9E87 = {
			isa = PBXGroup;
			children = (
				EAC4ECD926176072006C9E87 /* BeatLooper */,
				EAC4ECF526176072006C9E87 /* BeatLooperTests */,
				EAC4ED0026176072006C9E87 /* BeatLooperUITests */,
				EAC4ECD826176072006C9E87 /* Products */,
				EA34221D263DDD4A0046EB1B /* Frameworks */,
			);
			sourceTree = "<group>";
		};
		EAC4ECD826176072006C9E87 /* Products */ = {
			isa = PBXGroup;
			children = (
				EAC4ECD726176072006C9E87 /* BeatLooper.app */,
				EAC4ECF226176072006C9E87 /* BeatLooperTests.xctest */,
				EAC4ECFD26176072006C9E87 /* BeatLooperUITests.xctest */,
			);
			name = Products;
			sourceTree = "<group>";
		};
		EAC4ECD926176072006C9E87 /* BeatLooper */ = {
			isa = PBXGroup;
			children = (
				EAC4ECDA26176072006C9E87 /* AppDelegate.h */,
				EAC4ECDB26176072006C9E87 /* AppDelegate.m */,
				EAC4ECDD26176072006C9E87 /* SceneDelegate.h */,
				EAC4ECDE26176072006C9E87 /* SceneDelegate.m */,
				EAC4ED45261978AE006C9E87 /* BLPCoordinator.h */,
				EAC4ED46261978AE006C9E87 /* BLPCoordinator.m */,
				EA93D90F26A92B1A00B5F4F3 /* View Controllers */,
				EA93D91026A92B5900B5F4F3 /* Models */,
				EA93D90E26A92AC700B5F4F3 /* Supporting Files */,
				EAC4ECE326176072006C9E87 /* Main.storyboard */,
				EAC4ECEB26176072006C9E87 /* Info.plist */,
				EAC4ECE626176072006C9E87 /* Assets.xcassets */,
				EAC4ECE826176072006C9E87 /* LaunchScreen.storyboard */,
			);
			path = BeatLooper;
			sourceTree = "<group>";
		};
		EAC4ECF526176072006C9E87 /* BeatLooperTests */ = {
			isa = PBXGroup;
			children = (
				EAC4ECF626176072006C9E87 /* BeatLooperTests.m */,
				EAA1051F26F064A50052CF24 /* ModelTests */,
				EAC4ECF826176072006C9E87 /* Info.plist */,
			);
			path = BeatLooperTests;
			sourceTree = "<group>";
		};
		EAC4ED0026176072006C9E87 /* BeatLooperUITests */ = {
			isa = PBXGroup;
			children = (
				EAC4ED0126176072006C9E87 /* BeatLooperUITests.m */,
				EAC4ED0326176072006C9E87 /* Info.plist */,
			);
			path = BeatLooperUITests;
			sourceTree = "<group>";
		};
/* End PBXGroup section */

/* Begin PBXNativeTarget section */
		EAC4ECD626176072006C9E87 /* BeatLooper */ = {
			isa = PBXNativeTarget;
			buildConfigurationList = EAC4ED0626176072006C9E87 /* Build configuration list for PBXNativeTarget "BeatLooper" */;
			buildPhases = (
				EAC4ECD326176072006C9E87 /* Sources */,
				EAC4ECD426176072006C9E87 /* Frameworks */,
				EAC4ECD526176072006C9E87 /* Resources */,
			);
			buildRules = (
			);
			dependencies = (
			);
			name = BeatLooper;
			productName = BeatLooper;
			productReference = EAC4ECD726176072006C9E87 /* BeatLooper.app */;
			productType = "com.apple.product-type.application";
		};
		EAC4ECF126176072006C9E87 /* BeatLooperTests */ = {
			isa = PBXNativeTarget;
			buildConfigurationList = EAC4ED0926176072006C9E87 /* Build configuration list for PBXNativeTarget "BeatLooperTests" */;
			buildPhases = (
				EAC4ECEE26176072006C9E87 /* Sources */,
				EAC4ECEF26176072006C9E87 /* Frameworks */,
				EAC4ECF026176072006C9E87 /* Resources */,
			);
			buildRules = (
			);
			dependencies = (
				EAC4ECF426176072006C9E87 /* PBXTargetDependency */,
			);
			name = BeatLooperTests;
			productName = BeatLooperTests;
			productReference = EAC4ECF226176072006C9E87 /* BeatLooperTests.xctest */;
			productType = "com.apple.product-type.bundle.unit-test";
		};
		EAC4ECFC26176072006C9E87 /* BeatLooperUITests */ = {
			isa = PBXNativeTarget;
			buildConfigurationList = EAC4ED0C26176072006C9E87 /* Build configuration list for PBXNativeTarget "BeatLooperUITests" */;
			buildPhases = (
				EAC4ECF926176072006C9E87 /* Sources */,
				EAC4ECFA26176072006C9E87 /* Frameworks */,
				EAC4ECFB26176072006C9E87 /* Resources */,
			);
			buildRules = (
			);
			dependencies = (
				EAC4ECFF26176072006C9E87 /* PBXTargetDependency */,
			);
			name = BeatLooperUITests;
			productName = BeatLooperUITests;
			productReference = EAC4ECFD26176072006C9E87 /* BeatLooperUITests.xctest */;
			productType = "com.apple.product-type.bundle.ui-testing";
		};
/* End PBXNativeTarget section */

/* Begin PBXProject section */
		EAC4ECCF26176072006C9E87 /* Project object */ = {
			isa = PBXProject;
			attributes = {
				LastUpgradeCheck = 1240;
				TargetAttributes = {
					EAC4ECD626176072006C9E87 = {
						CreatedOnToolsVersion = 12.4;
					};
					EAC4ECF126176072006C9E87 = {
						CreatedOnToolsVersion = 12.4;
						TestTargetID = EAC4ECD626176072006C9E87;
					};
					EAC4ECFC26176072006C9E87 = {
						CreatedOnToolsVersion = 12.4;
						TestTargetID = EAC4ECD626176072006C9E87;
					};
				};
			};
			buildConfigurationList = EAC4ECD226176072006C9E87 /* Build configuration list for PBXProject "BeatLooper" */;
			compatibilityVersion = "Xcode 9.3";
			developmentRegion = en;
			hasScannedForEncodings = 0;
			knownRegions = (
				en,
				Base,
			);
			mainGroup = EAC4ECCE26176072006C9E87;
			productRefGroup = EAC4ECD826176072006C9E87 /* Products */;
			projectDirPath = "";
			projectRoot = "";
			targets = (
				EAC4ECD626176072006C9E87 /* BeatLooper */,
				EAC4ECF126176072006C9E87 /* BeatLooperTests */,
				EAC4ECFC26176072006C9E87 /* BeatLooperUITests */,
			);
		};
/* End PBXProject section */

/* Begin PBXResourcesBuildPhase section */
		EAC4ECD526176072006C9E87 /* Resources */ = {
			isa = PBXResourcesBuildPhase;
			buildActionMask = 2147483647;
			files = (
				EAFE2516277FE8C30054E069 /* swag.mp3 in Resources */,
				EAC4ECEA26176072006C9E87 /* LaunchScreen.storyboard in Resources */,
				EADF783E278E5B3A00D796A8 /* life's good (ft. double trouble).mp3 in Resources */,
				EAFE250E277E59040054E069 /* swish.wav in Resources */,
				EAFE2517277FE8C30054E069 /* '84.mp3 in Resources */,
				EAC4ECE726176072006C9E87 /* Assets.xcassets in Resources */,
				EAFE2515277FE8C30054E069 /* rise.mp3 in Resources */,
				EAB772C2277BD27400696CB3 /* forgetMe.mp3 in Resources */,
				EAC4ECE526176072006C9E87 /* Main.storyboard in Resources */,
				EAC4ED1A26176730006C9E87 /* dunevibes.mp3 in Resources */,
			);
			runOnlyForDeploymentPostprocessing = 0;
		};
		EAC4ECF026176072006C9E87 /* Resources */ = {
			isa = PBXResourcesBuildPhase;
			buildActionMask = 2147483647;
			files = (
				EADF783F278E5B3A00D796A8 /* life's good (ft. double trouble).mp3 in Resources */,
				EADF783C278D5A6900D796A8 /* dunevibes.mp3 in Resources */,
			);
			runOnlyForDeploymentPostprocessing = 0;
		};
		EAC4ECFB26176072006C9E87 /* Resources */ = {
			isa = PBXResourcesBuildPhase;
			buildActionMask = 2147483647;
			files = (
			);
			runOnlyForDeploymentPostprocessing = 0;
		};
/* End PBXResourcesBuildPhase section */

/* Begin PBXSourcesBuildPhase section */
		EAC4ECD326176072006C9E87 /* Sources */ = {
			isa = PBXSourcesBuildPhase;
			buildActionMask = 2147483647;
			files = (
				EAC4ED47261978AE006C9E87 /* BLPCoordinator.m in Sources */,
				EAC4ECE226176072006C9E87 /* HomeViewController.m in Sources */,
				EAC4ED2C261969A0006C9E87 /* BeatModel.xcdatamodeld in Sources */,
				EAC4ECDC26176072006C9E87 /* AppDelegate.m in Sources */,
				EAC4ECED26176072006C9E87 /* main.m in Sources */,
				EAB5ECA42644A89300C4D535 /* PlayerViewController.m in Sources */,
				EAFE2510277EA7A20054E069 /* LooperViewController.m in Sources */,
				EACEEF94261E2F5C00B4ECA8 /* BLPBeatModel.m in Sources */,
				EAC4ECDF26176072006C9E87 /* SceneDelegate.m in Sources */,
				EA4504A3278529860054516E /* BLPPlayer.m in Sources */,
			);
			runOnlyForDeploymentPostprocessing = 0;
		};
		EAC4ECEE26176072006C9E87 /* Sources */ = {
			isa = PBXSourcesBuildPhase;
			buildActionMask = 2147483647;
			files = (
				EAA1051D26ED8ADE0052CF24 /* BLPBeatModel.m in Sources */,
				EAC4ECF726176072006C9E87 /* BeatLooperTests.m in Sources */,
				EAA1051C26ED8A4B0052CF24 /* BLPModelTimeRangeTests.m in Sources */,
				EA41C5EB278B7D44001E8C53 /* BLPModelSongsTests.m in Sources */,
				EA41C5E72786CE65001E8C53 /* BLPPlayerStateTests.m in Sources */,
				EAA1051E26EDB2CB0052CF24 /* BeatModel.xcdatamodeld in Sources */,
				EA4504A4278529860054516E /* BLPPlayer.m in Sources */,
			);
			runOnlyForDeploymentPostprocessing = 0;
		};
		EAC4ECF926176072006C9E87 /* Sources */ = {
			isa = PBXSourcesBuildPhase;
			buildActionMask = 2147483647;
			files = (
				EAC4ED0226176072006C9E87 /* BeatLooperUITests.m in Sources */,
			);
			runOnlyForDeploymentPostprocessing = 0;
		};
/* End PBXSourcesBuildPhase section */

/* Begin PBXTargetDependency section */
		EAC4ECF426176072006C9E87 /* PBXTargetDependency */ = {
			isa = PBXTargetDependency;
			target = EAC4ECD626176072006C9E87 /* BeatLooper */;
			targetProxy = EAC4ECF326176072006C9E87 /* PBXContainerItemProxy */;
		};
		EAC4ECFF26176072006C9E87 /* PBXTargetDependency */ = {
			isa = PBXTargetDependency;
			target = EAC4ECD626176072006C9E87 /* BeatLooper */;
			targetProxy = EAC4ECFE26176072006C9E87 /* PBXContainerItemProxy */;
		};
/* End PBXTargetDependency section */

/* Begin PBXVariantGroup section */
		EAC4ECE326176072006C9E87 /* Main.storyboard */ = {
			isa = PBXVariantGroup;
			children = (
				EAC4ECE426176072006C9E87 /* Base */,
			);
			name = Main.storyboard;
			sourceTree = "<group>";
		};
		EAC4ECE826176072006C9E87 /* LaunchScreen.storyboard */ = {
			isa = PBXVariantGroup;
			children = (
				EAC4ECE926176072006C9E87 /* Base */,
			);
			name = LaunchScreen.storyboard;
			sourceTree = "<group>";
		};
/* End PBXVariantGroup section */

/* Begin XCBuildConfiguration section */
		EAC4ED0426176072006C9E87 /* Debug */ = {
			isa = XCBuildConfiguration;
			buildSettings = {
				ALWAYS_SEARCH_USER_PATHS = NO;
				CLANG_ANALYZER_NONNULL = YES;
				CLANG_ANALYZER_NUMBER_OBJECT_CONVERSION = YES_AGGRESSIVE;
				CLANG_CXX_LANGUAGE_STANDARD = "gnu++14";
				CLANG_CXX_LIBRARY = "libc++";
				CLANG_ENABLE_MODULES = YES;
				CLANG_ENABLE_OBJC_ARC = YES;
				CLANG_ENABLE_OBJC_WEAK = YES;
				CLANG_WARN_BLOCK_CAPTURE_AUTORELEASING = YES;
				CLANG_WARN_BOOL_CONVERSION = YES;
				CLANG_WARN_COMMA = YES;
				CLANG_WARN_CONSTANT_CONVERSION = YES;
				CLANG_WARN_DEPRECATED_OBJC_IMPLEMENTATIONS = YES;
				CLANG_WARN_DIRECT_OBJC_ISA_USAGE = YES_ERROR;
				CLANG_WARN_DOCUMENTATION_COMMENTS = YES;
				CLANG_WARN_EMPTY_BODY = YES;
				CLANG_WARN_ENUM_CONVERSION = YES;
				CLANG_WARN_INFINITE_RECURSION = YES;
				CLANG_WARN_INT_CONVERSION = YES;
				CLANG_WARN_NON_LITERAL_NULL_CONVERSION = YES;
				CLANG_WARN_OBJC_IMPLICIT_RETAIN_SELF = YES;
				CLANG_WARN_OBJC_LITERAL_CONVERSION = YES;
				CLANG_WARN_OBJC_ROOT_CLASS = YES_ERROR;
				CLANG_WARN_QUOTED_INCLUDE_IN_FRAMEWORK_HEADER = YES;
				CLANG_WARN_RANGE_LOOP_ANALYSIS = YES;
				CLANG_WARN_STRICT_PROTOTYPES = YES;
				CLANG_WARN_SUSPICIOUS_MOVE = YES;
				CLANG_WARN_UNGUARDED_AVAILABILITY = YES_AGGRESSIVE;
				CLANG_WARN_UNREACHABLE_CODE = YES;
				CLANG_WARN__DUPLICATE_METHOD_MATCH = YES;
				COPY_PHASE_STRIP = NO;
				DEBUG_INFORMATION_FORMAT = dwarf;
				ENABLE_STRICT_OBJC_MSGSEND = YES;
				ENABLE_TESTABILITY = YES;
				GCC_C_LANGUAGE_STANDARD = gnu11;
				GCC_DYNAMIC_NO_PIC = NO;
				GCC_NO_COMMON_BLOCKS = YES;
				GCC_OPTIMIZATION_LEVEL = 0;
				GCC_PREPROCESSOR_DEFINITIONS = (
					"DEBUG=1",
					"$(inherited)",
				);
				GCC_WARN_64_TO_32_BIT_CONVERSION = YES;
				GCC_WARN_ABOUT_RETURN_TYPE = YES_ERROR;
				GCC_WARN_UNDECLARED_SELECTOR = YES;
				GCC_WARN_UNINITIALIZED_AUTOS = YES_AGGRESSIVE;
				GCC_WARN_UNUSED_FUNCTION = YES;
				GCC_WARN_UNUSED_VARIABLE = YES;
				IPHONEOS_DEPLOYMENT_TARGET = 14.3;
				MTL_ENABLE_DEBUG_INFO = INCLUDE_SOURCE;
				MTL_FAST_MATH = YES;
				ONLY_ACTIVE_ARCH = YES;
				SDKROOT = iphoneos;
			};
			name = Debug;
		};
		EAC4ED0526176072006C9E87 /* Release */ = {
			isa = XCBuildConfiguration;
			buildSettings = {
				ALWAYS_SEARCH_USER_PATHS = NO;
				CLANG_ANALYZER_NONNULL = YES;
				CLANG_ANALYZER_NUMBER_OBJECT_CONVERSION = YES_AGGRESSIVE;
				CLANG_CXX_LANGUAGE_STANDARD = "gnu++14";
				CLANG_CXX_LIBRARY = "libc++";
				CLANG_ENABLE_MODULES = YES;
				CLANG_ENABLE_OBJC_ARC = YES;
				CLANG_ENABLE_OBJC_WEAK = YES;
				CLANG_WARN_BLOCK_CAPTURE_AUTORELEASING = YES;
				CLANG_WARN_BOOL_CONVERSION = YES;
				CLANG_WARN_COMMA = YES;
				CLANG_WARN_CONSTANT_CONVERSION = YES;
				CLANG_WARN_DEPRECATED_OBJC_IMPLEMENTATIONS = YES;
				CLANG_WARN_DIRECT_OBJC_ISA_USAGE = YES_ERROR;
				CLANG_WARN_DOCUMENTATION_COMMENTS = YES;
				CLANG_WARN_EMPTY_BODY = YES;
				CLANG_WARN_ENUM_CONVERSION = YES;
				CLANG_WARN_INFINITE_RECURSION = YES;
				CLANG_WARN_INT_CONVERSION = YES;
				CLANG_WARN_NON_LITERAL_NULL_CONVERSION = YES;
				CLANG_WARN_OBJC_IMPLICIT_RETAIN_SELF = YES;
				CLANG_WARN_OBJC_LITERAL_CONVERSION = YES;
				CLANG_WARN_OBJC_ROOT_CLASS = YES_ERROR;
				CLANG_WARN_QUOTED_INCLUDE_IN_FRAMEWORK_HEADER = YES;
				CLANG_WARN_RANGE_LOOP_ANALYSIS = YES;
				CLANG_WARN_STRICT_PROTOTYPES = YES;
				CLANG_WARN_SUSPICIOUS_MOVE = YES;
				CLANG_WARN_UNGUARDED_AVAILABILITY = YES_AGGRESSIVE;
				CLANG_WARN_UNREACHABLE_CODE = YES;
				CLANG_WARN__DUPLICATE_METHOD_MATCH = YES;
				COPY_PHASE_STRIP = NO;
				DEBUG_INFORMATION_FORMAT = "dwarf-with-dsym";
				ENABLE_NS_ASSERTIONS = NO;
				ENABLE_STRICT_OBJC_MSGSEND = YES;
				GCC_C_LANGUAGE_STANDARD = gnu11;
				GCC_NO_COMMON_BLOCKS = YES;
				GCC_WARN_64_TO_32_BIT_CONVERSION = YES;
				GCC_WARN_ABOUT_RETURN_TYPE = YES_ERROR;
				GCC_WARN_UNDECLARED_SELECTOR = YES;
				GCC_WARN_UNINITIALIZED_AUTOS = YES_AGGRESSIVE;
				GCC_WARN_UNUSED_FUNCTION = YES;
				GCC_WARN_UNUSED_VARIABLE = YES;
				IPHONEOS_DEPLOYMENT_TARGET = 14.3;
				MTL_ENABLE_DEBUG_INFO = NO;
				MTL_FAST_MATH = YES;
				SDKROOT = iphoneos;
				VALIDATE_PRODUCT = YES;
			};
			name = Release;
		};
		EAC4ED0726176072006C9E87 /* Debug */ = {
			isa = XCBuildConfiguration;
			buildSettings = {
				ASSETCATALOG_COMPILER_APPICON_NAME = AppIcon;
				ASSETCATALOG_COMPILER_GLOBAL_ACCENT_COLOR_NAME = AccentColor;
				CODE_SIGN_STYLE = Automatic;
				DEVELOPMENT_TEAM = MKB6ZK5V3B;
				INFOPLIST_FILE = BeatLooper/Info.plist;
				LD_RUNPATH_SEARCH_PATHS = (
					"$(inherited)",
					"@executable_path/Frameworks",
				);
				NEW_SETTING = "";
				PRODUCT_BUNDLE_IDENTIFIER = com.Meier.BeatLooper;
				PRODUCT_NAME = "$(TARGET_NAME)";
				TARGETED_DEVICE_FAMILY = "1,2";
			};
			name = Debug;
		};
		EAC4ED0826176072006C9E87 /* Release */ = {
			isa = XCBuildConfiguration;
			buildSettings = {
				ASSETCATALOG_COMPILER_APPICON_NAME = AppIcon;
				ASSETCATALOG_COMPILER_GLOBAL_ACCENT_COLOR_NAME = AccentColor;
				CODE_SIGN_IDENTITY = "Apple Development";
				CODE_SIGN_STYLE = Automatic;
				DEVELOPMENT_TEAM = MKB6ZK5V3B;
				INFOPLIST_FILE = BeatLooper/Info.plist;
				LD_RUNPATH_SEARCH_PATHS = (
					"$(inherited)",
					"@executable_path/Frameworks",
				);
				NEW_SETTING = "";
				PRODUCT_BUNDLE_IDENTIFIER = com.Meier.BeatLooper;
				PRODUCT_NAME = "$(TARGET_NAME)";
				PROVISIONING_PROFILE_SPECIFIER = "";
				TARGETED_DEVICE_FAMILY = "1,2";
			};
			name = Release;
		};
		EAC4ED0A26176072006C9E87 /* Debug */ = {
			isa = XCBuildConfiguration;
			buildSettings = {
				BUNDLE_LOADER = "$(TEST_HOST)";
				CODE_SIGN_STYLE = Automatic;
				DEVELOPMENT_TEAM = MKB6ZK5V3B;
				INFOPLIST_FILE = BeatLooperTests/Info.plist;
				IPHONEOS_DEPLOYMENT_TARGET = 14.4;
				LD_RUNPATH_SEARCH_PATHS = (
					"$(inherited)",
					"@executable_path/Frameworks",
					"@loader_path/Frameworks",
				);
				PRODUCT_BUNDLE_IDENTIFIER = com.Meier.BeatLooperTests;
				PRODUCT_NAME = "$(TARGET_NAME)";
				TARGETED_DEVICE_FAMILY = "1,2";
				TEST_HOST = "$(BUILT_PRODUCTS_DIR)/BeatLooper.app/BeatLooper";
			};
			name = Debug;
		};
		EAC4ED0B26176072006C9E87 /* Release */ = {
			isa = XCBuildConfiguration;
			buildSettings = {
				BUNDLE_LOADER = "$(TEST_HOST)";
				CODE_SIGN_STYLE = Automatic;
				DEVELOPMENT_TEAM = MKB6ZK5V3B;
				INFOPLIST_FILE = BeatLooperTests/Info.plist;
				IPHONEOS_DEPLOYMENT_TARGET = 14.4;
				LD_RUNPATH_SEARCH_PATHS = (
					"$(inherited)",
					"@executable_path/Frameworks",
					"@loader_path/Frameworks",
				);
				PRODUCT_BUNDLE_IDENTIFIER = com.Meier.BeatLooperTests;
				PRODUCT_NAME = "$(TARGET_NAME)";
				TARGETED_DEVICE_FAMILY = "1,2";
				TEST_HOST = "$(BUILT_PRODUCTS_DIR)/BeatLooper.app/BeatLooper";
			};
			name = Release;
		};
		EAC4ED0D26176072006C9E87 /* Debug */ = {
			isa = XCBuildConfiguration;
			buildSettings = {
				CODE_SIGN_STYLE = Automatic;
				DEVELOPMENT_TEAM = MKB6ZK5V3B;
				INFOPLIST_FILE = BeatLooperUITests/Info.plist;
				LD_RUNPATH_SEARCH_PATHS = (
					"$(inherited)",
					"@executable_path/Frameworks",
					"@loader_path/Frameworks",
				);
				PRODUCT_BUNDLE_IDENTIFIER = com.Meier.BeatLooperUITests;
				PRODUCT_NAME = "$(TARGET_NAME)";
				TARGETED_DEVICE_FAMILY = "1,2";
				TEST_TARGET_NAME = BeatLooper;
			};
			name = Debug;
		};
		EAC4ED0E26176072006C9E87 /* Release */ = {
			isa = XCBuildConfiguration;
			buildSettings = {
				CODE_SIGN_STYLE = Automatic;
				DEVELOPMENT_TEAM = MKB6ZK5V3B;
				INFOPLIST_FILE = BeatLooperUITests/Info.plist;
				LD_RUNPATH_SEARCH_PATHS = (
					"$(inherited)",
					"@executable_path/Frameworks",
					"@loader_path/Frameworks",
				);
				PRODUCT_BUNDLE_IDENTIFIER = com.Meier.BeatLooperUITests;
				PRODUCT_NAME = "$(TARGET_NAME)";
				TARGETED_DEVICE_FAMILY = "1,2";
				TEST_TARGET_NAME = BeatLooper;
			};
			name = Release;
		};
/* End XCBuildConfiguration section */

/* Begin XCConfigurationList section */
		EAC4ECD226176072006C9E87 /* Build configuration list for PBXProject "BeatLooper" */ = {
			isa = XCConfigurationList;
			buildConfigurations = (
				EAC4ED0426176072006C9E87 /* Debug */,
				EAC4ED0526176072006C9E87 /* Release */,
			);
			defaultConfigurationIsVisible = 0;
			defaultConfigurationName = Release;
		};
		EAC4ED0626176072006C9E87 /* Build configuration list for PBXNativeTarget "BeatLooper" */ = {
			isa = XCConfigurationList;
			buildConfigurations = (
				EAC4ED0726176072006C9E87 /* Debug */,
				EAC4ED0826176072006C9E87 /* Release */,
			);
			defaultConfigurationIsVisible = 0;
			defaultConfigurationName = Release;
		};
		EAC4ED0926176072006C9E87 /* Build configuration list for PBXNativeTarget "BeatLooperTests" */ = {
			isa = XCConfigurationList;
			buildConfigurations = (
				EAC4ED0A26176072006C9E87 /* Debug */,
				EAC4ED0B26176072006C9E87 /* Release */,
			);
			defaultConfigurationIsVisible = 0;
			defaultConfigurationName = Release;
		};
		EAC4ED0C26176072006C9E87 /* Build configuration list for PBXNativeTarget "BeatLooperUITests" */ = {
			isa = XCConfigurationList;
			buildConfigurations = (
				EAC4ED0D26176072006C9E87 /* Debug */,
				EAC4ED0E26176072006C9E87 /* Release */,
			);
			defaultConfigurationIsVisible = 0;
			defaultConfigurationName = Release;
		};
/* End XCConfigurationList section */

/* Begin XCVersionGroup section */
		EAC4ED2A261969A0006C9E87 /* BeatModel.xcdatamodeld */ = {
			isa = XCVersionGroup;
			children = (
				EAC4ED2B261969A0006C9E87 /* BeatModel.xcdatamodel */,
			);
			currentVersion = EAC4ED2B261969A0006C9E87 /* BeatModel.xcdatamodel */;
			path = BeatModel.xcdatamodeld;
			sourceTree = "<group>";
			versionGroupType = wrapper.xcdatamodel;
		};
/* End XCVersionGroup section */
	};
	rootObject = EAC4ECCF26176072006C9E87 /* Project object */;
}
